
Microsoft Visual Studio Solution File, Format Version 12.00
# Visual Studio Version 17
VisualStudioVersion = 17.12.35527.113
MinimumVisualStudioVersion = 10.0.40219.1
Project("{FAE04EC0-301F-11D3-BF4B-00C04F79EFBC}") = "RandomWordsWeb", "RandomWordsWeb\RandomWordsWeb.csproj", "{1B1DBF9C-F9D8-44D7-BE19-053A8DFBCB36}"
EndProject
Project("{FAE04EC0-301F-11D3-BF4B-00C04F79EFBC}") = "RandomWordsService", "RandomWordsService\RandomWordsService.csproj", "{A5C6C2C2-9695-4644-A045-F001D003E695}"
EndProject
Global
	GlobalSection(SolutionConfigurationPlatforms) = preSolution
		Debug|Any CPU = Debug|Any CPU
		Release|Any CPU = Release|Any CPU
	EndGlobalSection
	GlobalSection(ProjectConfigurationPlatforms) = postSolution
		{1B1DBF9C-F9D8-44D7-BE19-053A8DFBCB36}.Debug|Any CPU.ActiveCfg = Debug|Any CPU
		{1B1DBF9C-F9D8-44D7-BE19-053A8DFBCB36}.Debug|Any CPU.Build.0 = Debug|Any CPU
		{1B1DBF9C-F9D8-44D7-BE19-053A8DFBCB36}.Release|Any CPU.ActiveCfg = Release|Any CPU
		{1B1DBF9C-F9D8-44D7-BE19-053A8DFBCB36}.Release|Any CPU.Build.0 = Release|Any CPU
		{A5C6C2C2-9695-4644-A045-F001D003E695}.Debug|Any CPU.ActiveCfg = Debug|Any CPU
		{A5C6C2C2-9695-4644-A045-F001D003E695}.Debug|Any CPU.Build.0 = Debug|Any CPU
		{A5C6C2C2-9695-4644-A045-F001D003E695}.Release|Any CPU.ActiveCfg = Release|Any CPU
		{A5C6C2C2-9695-4644-A045-F001D003E695}.Release|Any CPU.Build.0 = Release|Any CPU
	EndGlobalSection
	GlobalSection(SolutionProperties) = preSolution
		HideSolutionNode = FALSE
	EndGlobalSection
EndGlobal
